
Microsoft Visual Studio Solution File, Format Version 12.00
# Visual Studio Version 16
VisualStudioVersion = 16.0.30309.148
MinimumVisualStudioVersion = 10.0.40219.1
Project("{FAE04EC0-301F-11D3-BF4B-00C04F79EFBC}") = "TestLernenApp.UWP", "TestLernenApp\TestLernenApp.UWP\TestLernenApp.UWP.csproj", "{76B0CF63-A100-4638-B224-CE1967EFA334}"
EndProject
Project("{FAE04EC0-301F-11D3-BF4B-00C04F79EFBC}") = "TestLernenApp.Android", "TestLernenApp\TestLernenApp.Android\TestLernenApp.Android.csproj", "{4C0B54D0-CFB3-447E-84C0-9019DDCBF5B1}"
EndProject
Project("{FAE04EC0-301F-11D3-BF4B-00C04F79EFBC}") = "TestLernenApp.iOS", "TestLernenApp\TestLernenApp.iOS\TestLernenApp.iOS.csproj", "{6BF94011-DCFD-41D3-B726-3E7782AE16DD}"
EndProject
Project("{FAE04EC0-301F-11D3-BF4B-00C04F79EFBC}") = "TestLernenApp", "TestLernenApp\TestLernenApp\TestLernenApp.csproj", "{A8E26D71-5272-4BD3-8AE5-A950DDEE777B}"
EndProject
Project("{FAE04EC0-301F-11D3-BF4B-00C04F79EFBC}") = "LernenVogt.API", "LernenVogt.API\LernenVogt.API.csproj", "{212CF633-40D4-4703-AE93-CDCD973C178E}"
EndProject
Global
	GlobalSection(SolutionConfigurationPlatforms) = preSolution
		Debug|Any CPU = Debug|Any CPU
		Debug|ARM = Debug|ARM
		Debug|iPhone = Debug|iPhone
		Debug|iPhoneSimulator = Debug|iPhoneSimulator
		Debug|x64 = Debug|x64
		Debug|x86 = Debug|x86
		Release|Any CPU = Release|Any CPU
		Release|ARM = Release|ARM
		Release|iPhone = Release|iPhone
		Release|iPhoneSimulator = Release|iPhoneSimulator
		Release|x64 = Release|x64
		Release|x86 = Release|x86
	EndGlobalSection
	GlobalSection(ProjectConfigurationPlatforms) = postSolution
		{76B0CF63-A100-4638-B224-CE1967EFA334}.Debug|Any CPU.ActiveCfg = Debug|x86
		{76B0CF63-A100-4638-B224-CE1967EFA334}.Debug|Any CPU.Build.0 = Debug|x86
		{76B0CF63-A100-4638-B224-CE1967EFA334}.Debug|Any CPU.Deploy.0 = Debug|x86
		{76B0CF63-A100-4638-B224-CE1967EFA334}.Debug|ARM.ActiveCfg = Debug|ARM
		{76B0CF63-A100-4638-B224-CE1967EFA334}.Debug|ARM.Build.0 = Debug|ARM
		{76B0CF63-A100-4638-B224-CE1967EFA334}.Debug|ARM.Deploy.0 = Debug|ARM
		{76B0CF63-A100-4638-B224-CE1967EFA334}.Debug|iPhone.ActiveCfg = Debug|x86
		{76B0CF63-A100-4638-B224-CE1967EFA334}.Debug|iPhone.Build.0 = Debug|x86
		{76B0CF63-A100-4638-B224-CE1967EFA334}.Debug|iPhone.Deploy.0 = Debug|x86
		{76B0CF63-A100-4638-B224-CE1967EFA334}.Debug|iPhoneSimulator.ActiveCfg = Debug|x86
		{76B0CF63-A100-4638-B224-CE1967EFA334}.Debug|iPhoneSimulator.Build.0 = Debug|x86
		{76B0CF63-A100-4638-B224-CE1967EFA334}.Debug|iPhoneSimulator.Deploy.0 = Debug|x86
		{76B0CF63-A100-4638-B224-CE1967EFA334}.Debug|x64.ActiveCfg = Debug|x64
		{76B0CF63-A100-4638-B224-CE1967EFA334}.Debug|x64.Build.0 = Debug|x64
		{76B0CF63-A100-4638-B224-CE1967EFA334}.Debug|x64.Deploy.0 = Debug|x64
		{76B0CF63-A100-4638-B224-CE1967EFA334}.Debug|x86.ActiveCfg = Debug|x86
		{76B0CF63-A100-4638-B224-CE1967EFA334}.Debug|x86.Build.0 = Debug|x86
		{76B0CF63-A100-4638-B224-CE1967EFA334}.Debug|x86.Deploy.0 = Debug|x86
		{76B0CF63-A100-4638-B224-CE1967EFA334}.Release|Any CPU.ActiveCfg = Release|x86
		{76B0CF63-A100-4638-B224-CE1967EFA334}.Release|Any CPU.Build.0 = Release|x86
		{76B0CF63-A100-4638-B224-CE1967EFA334}.Release|Any CPU.Deploy.0 = Release|x86
		{76B0CF63-A100-4638-B224-CE1967EFA334}.Release|ARM.ActiveCfg = Release|ARM
		{76B0CF63-A100-4638-B224-CE1967EFA334}.Release|ARM.Build.0 = Release|ARM
		{76B0CF63-A100-4638-B224-CE1967EFA334}.Release|ARM.Deploy.0 = Release|ARM
		{76B0CF63-A100-4638-B224-CE1967EFA334}.Release|iPhone.ActiveCfg = Release|x86
		{76B0CF63-A100-4638-B224-CE1967EFA334}.Release|iPhone.Build.0 = Release|x86
		{76B0CF63-A100-4638-B224-CE1967EFA334}.Release|iPhone.Deploy.0 = Release|x86
		{76B0CF63-A100-4638-B224-CE1967EFA334}.Release|iPhoneSimulator.ActiveCfg = Release|x86
		{76B0CF63-A100-4638-B224-CE1967EFA334}.Release|iPhoneSimulator.Build.0 = Release|x86
		{76B0CF63-A100-4638-B224-CE1967EFA334}.Release|iPhoneSimulator.Deploy.0 = Release|x86
		{76B0CF63-A100-4638-B224-CE1967EFA334}.Release|x64.ActiveCfg = Release|x64
		{76B0CF63-A100-4638-B224-CE1967EFA334}.Release|x64.Build.0 = Release|x64
		{76B0CF63-A100-4638-B224-CE1967EFA334}.Release|x64.Deploy.0 = Release|x64
		{76B0CF63-A100-4638-B224-CE1967EFA334}.Release|x86.ActiveCfg = Release|x86
		{76B0CF63-A100-4638-B224-CE1967EFA334}.Release|x86.Build.0 = Release|x86
		{76B0CF63-A100-4638-B224-CE1967EFA334}.Release|x86.Deploy.0 = Release|x86
		{4C0B54D0-CFB3-447E-84C0-9019DDCBF5B1}.Debug|Any CPU.ActiveCfg = Debug|Any CPU
		{4C0B54D0-CFB3-447E-84C0-9019DDCBF5B1}.Debug|Any CPU.Build.0 = Debug|Any CPU
		{4C0B54D0-CFB3-447E-84C0-9019DDCBF5B1}.Debug|Any CPU.Deploy.0 = Debug|Any CPU
		{4C0B54D0-CFB3-447E-84C0-9019DDCBF5B1}.Debug|ARM.ActiveCfg = Debug|Any CPU
		{4C0B54D0-CFB3-447E-84C0-9019DDCBF5B1}.Debug|ARM.Build.0 = Debug|Any CPU
		{4C0B54D0-CFB3-447E-84C0-9019DDCBF5B1}.Debug|ARM.Deploy.0 = Debug|Any CPU
		{4C0B54D0-CFB3-447E-84C0-9019DDCBF5B1}.Debug|iPhone.ActiveCfg = Debug|Any CPU
		{4C0B54D0-CFB3-447E-84C0-9019DDCBF5B1}.Debug|iPhone.Build.0 = Debug|Any CPU
		{4C0B54D0-CFB3-447E-84C0-9019DDCBF5B1}.Debug|iPhone.Deploy.0 = Debug|Any CPU
		{4C0B54D0-CFB3-447E-84C0-9019DDCBF5B1}.Debug|iPhoneSimulator.ActiveCfg = Debug|Any CPU
		{4C0B54D0-CFB3-447E-84C0-9019DDCBF5B1}.Debug|iPhoneSimulator.Build.0 = Debug|Any CPU
		{4C0B54D0-CFB3-447E-84C0-9019DDCBF5B1}.Debug|iPhoneSimulator.Deploy.0 = Debug|Any CPU
		{4C0B54D0-CFB3-447E-84C0-9019DDCBF5B1}.Debug|x64.ActiveCfg = Debug|Any CPU
		{4C0B54D0-CFB3-447E-84C0-9019DDCBF5B1}.Debug|x64.Build.0 = Debug|Any CPU
		{4C0B54D0-CFB3-447E-84C0-9019DDCBF5B1}.Debug|x64.Deploy.0 = Debug|Any CPU
		{4C0B54D0-CFB3-447E-84C0-9019DDCBF5B1}.Debug|x86.ActiveCfg = Debug|Any CPU
		{4C0B54D0-CFB3-447E-84C0-9019DDCBF5B1}.Debug|x86.Build.0 = Debug|Any CPU
		{4C0B54D0-CFB3-447E-84C0-9019DDCBF5B1}.Debug|x86.Deploy.0 = Debug|Any CPU
		{4C0B54D0-CFB3-447E-84C0-9019DDCBF5B1}.Release|Any CPU.ActiveCfg = Release|Any CPU
		{4C0B54D0-CFB3-447E-84C0-9019DDCBF5B1}.Release|Any CPU.Build.0 = Release|Any CPU
		{4C0B54D0-CFB3-447E-84C0-9019DDCBF5B1}.Release|Any CPU.Deploy.0 = Release|Any CPU
		{4C0B54D0-CFB3-447E-84C0-9019DDCBF5B1}.Release|ARM.ActiveCfg = Release|Any CPU
		{4C0B54D0-CFB3-447E-84C0-9019DDCBF5B1}.Release|ARM.Build.0 = Release|Any CPU
		{4C0B54D0-CFB3-447E-84C0-9019DDCBF5B1}.Release|ARM.Deploy.0 = Release|Any CPU
		{4C0B54D0-CFB3-447E-84C0-9019DDCBF5B1}.Release|iPhone.ActiveCfg = Release|Any CPU
		{4C0B54D0-CFB3-447E-84C0-9019DDCBF5B1}.Release|iPhone.Build.0 = Release|Any CPU
		{4C0B54D0-CFB3-447E-84C0-9019DDCBF5B1}.Release|iPhone.Deploy.0 = Release|Any CPU
		{4C0B54D0-CFB3-447E-84C0-9019DDCBF5B1}.Release|iPhoneSimulator.ActiveCfg = Release|Any CPU
		{4C0B54D0-CFB3-447E-84C0-9019DDCBF5B1}.Release|iPhoneSimulator.Build.0 = Release|Any CPU
		{4C0B54D0-CFB3-447E-84C0-9019DDCBF5B1}.Release|iPhoneSimulator.Deploy.0 = Release|Any CPU
		{4C0B54D0-CFB3-447E-84C0-9019DDCBF5B1}.Release|x64.ActiveCfg = Release|Any CPU
		{4C0B54D0-CFB3-447E-84C0-9019DDCBF5B1}.Release|x64.Build.0 = Release|Any CPU
		{4C0B54D0-CFB3-447E-84C0-9019DDCBF5B1}.Release|x64.Deploy.0 = Release|Any CPU
		{4C0B54D0-CFB3-447E-84C0-9019DDCBF5B1}.Release|x86.ActiveCfg = Release|Any CPU
		{4C0B54D0-CFB3-447E-84C0-9019DDCBF5B1}.Release|x86.Build.0 = Release|Any CPU
		{4C0B54D0-CFB3-447E-84C0-9019DDCBF5B1}.Release|x86.Deploy.0 = Release|Any CPU
		{6BF94011-DCFD-41D3-B726-3E7782AE16DD}.Debug|Any CPU.ActiveCfg = Debug|iPhone
		{6BF94011-DCFD-41D3-B726-3E7782AE16DD}.Debug|Any CPU.Build.0 = Debug|iPhone
		{6BF94011-DCFD-41D3-B726-3E7782AE16DD}.Debug|Any CPU.Deploy.0 = Debug|iPhone
		{6BF94011-DCFD-41D3-B726-3E7782AE16DD}.Debug|ARM.ActiveCfg = Debug|iPhone
		{6BF94011-DCFD-41D3-B726-3E7782AE16DD}.Debug|ARM.Build.0 = Debug|iPhone
		{6BF94011-DCFD-41D3-B726-3E7782AE16DD}.Debug|ARM.Deploy.0 = Debug|iPhone
		{6BF94011-DCFD-41D3-B726-3E7782AE16DD}.Debug|iPhone.ActiveCfg = Debug|iPhone
		{6BF94011-DCFD-41D3-B726-3E7782AE16DD}.Debug|iPhone.Build.0 = Debug|iPhone
		{6BF94011-DCFD-41D3-B726-3E7782AE16DD}.Debug|iPhone.Deploy.0 = Debug|iPhone
		{6BF94011-DCFD-41D3-B726-3E7782AE16DD}.Debug|iPhoneSimulator.ActiveCfg = Debug|iPhoneSimulator
		{6BF94011-DCFD-41D3-B726-3E7782AE16DD}.Debug|iPhoneSimulator.Build.0 = Debug|iPhoneSimulator
		{6BF94011-DCFD-41D3-B726-3E7782AE16DD}.Debug|iPhoneSimulator.Deploy.0 = Debug|iPhoneSimulator
		{6BF94011-DCFD-41D3-B726-3E7782AE16DD}.Debug|x64.ActiveCfg = Debug|iPhone
		{6BF94011-DCFD-41D3-B726-3E7782AE16DD}.Debug|x64.Build.0 = Debug|iPhone
		{6BF94011-DCFD-41D3-B726-3E7782AE16DD}.Debug|x64.Deploy.0 = Debug|iPhone
		{6BF94011-DCFD-41D3-B726-3E7782AE16DD}.Debug|x86.ActiveCfg = Debug|iPhone
		{6BF94011-DCFD-41D3-B726-3E7782AE16DD}.Debug|x86.Build.0 = Debug|iPhone
		{6BF94011-DCFD-41D3-B726-3E7782AE16DD}.Debug|x86.Deploy.0 = Debug|iPhone
		{6BF94011-DCFD-41D3-B726-3E7782AE16DD}.Release|Any CPU.ActiveCfg = Release|iPhone
		{6BF94011-DCFD-41D3-B726-3E7782AE16DD}.Release|Any CPU.Build.0 = Release|iPhone
		{6BF94011-DCFD-41D3-B726-3E7782AE16DD}.Release|Any CPU.Deploy.0 = Release|iPhone
		{6BF94011-DCFD-41D3-B726-3E7782AE16DD}.Release|ARM.ActiveCfg = Release|iPhone
		{6BF94011-DCFD-41D3-B726-3E7782AE16DD}.Release|ARM.Build.0 = Release|iPhone
		{6BF94011-DCFD-41D3-B726-3E7782AE16DD}.Release|ARM.Deploy.0 = Release|iPhone
		{6BF94011-DCFD-41D3-B726-3E7782AE16DD}.Release|iPhone.ActiveCfg = Release|iPhone
		{6BF94011-DCFD-41D3-B726-3E7782AE16DD}.Release|iPhone.Build.0 = Release|iPhone
		{6BF94011-DCFD-41D3-B726-3E7782AE16DD}.Release|iPhone.Deploy.0 = Release|iPhone
		{6BF94011-DCFD-41D3-B726-3E7782AE16DD}.Release|iPhoneSimulator.ActiveCfg = Release|iPhoneSimulator
		{6BF94011-DCFD-41D3-B726-3E7782AE16DD}.Release|iPhoneSimulator.Build.0 = Release|iPhoneSimulator
		{6BF94011-DCFD-41D3-B726-3E7782AE16DD}.Release|iPhoneSimulator.Deploy.0 = Release|iPhoneSimulator
		{6BF94011-DCFD-41D3-B726-3E7782AE16DD}.Release|x64.ActiveCfg = Release|iPhone
		{6BF94011-DCFD-41D3-B726-3E7782AE16DD}.Release|x64.Build.0 = Release|iPhone
		{6BF94011-DCFD-41D3-B726-3E7782AE16DD}.Release|x64.Deploy.0 = Release|iPhone
		{6BF94011-DCFD-41D3-B726-3E7782AE16DD}.Release|x86.ActiveCfg = Release|iPhone
		{6BF94011-DCFD-41D3-B726-3E7782AE16DD}.Release|x86.Build.0 = Release|iPhone
		{6BF94011-DCFD-41D3-B726-3E7782AE16DD}.Release|x86.Deploy.0 = Release|iPhone
		{A8E26D71-5272-4BD3-8AE5-A950DDEE777B}.Debug|Any CPU.ActiveCfg = Debug|Any CPU
		{A8E26D71-5272-4BD3-8AE5-A950DDEE777B}.Debug|Any CPU.Build.0 = Debug|Any CPU
		{A8E26D71-5272-4BD3-8AE5-A950DDEE777B}.Debug|Any CPU.Deploy.0 = Debug|Any CPU
		{A8E26D71-5272-4BD3-8AE5-A950DDEE777B}.Debug|ARM.ActiveCfg = Debug|Any CPU
		{A8E26D71-5272-4BD3-8AE5-A950DDEE777B}.Debug|ARM.Build.0 = Debug|Any CPU
		{A8E26D71-5272-4BD3-8AE5-A950DDEE777B}.Debug|ARM.Deploy.0 = Debug|Any CPU
		{A8E26D71-5272-4BD3-8AE5-A950DDEE777B}.Debug|iPhone.ActiveCfg = Debug|Any CPU
		{A8E26D71-5272-4BD3-8AE5-A950DDEE777B}.Debug|iPhone.Build.0 = Debug|Any CPU
		{A8E26D71-5272-4BD3-8AE5-A950DDEE777B}.Debug|iPhone.Deploy.0 = Debug|Any CPU
		{A8E26D71-5272-4BD3-8AE5-A950DDEE777B}.Debug|iPhoneSimulator.ActiveCfg = Debug|Any CPU
		{A8E26D71-5272-4BD3-8AE5-A950DDEE777B}.Debug|iPhoneSimulator.Build.0 = Debug|Any CPU
		{A8E26D71-5272-4BD3-8AE5-A950DDEE777B}.Debug|iPhoneSimulator.Deploy.0 = Debug|Any CPU
		{A8E26D71-5272-4BD3-8AE5-A950DDEE777B}.Debug|x64.ActiveCfg = Debug|Any CPU
		{A8E26D71-5272-4BD3-8AE5-A950DDEE777B}.Debug|x64.Build.0 = Debug|Any CPU
		{A8E26D71-5272-4BD3-8AE5-A950DDEE777B}.Debug|x64.Deploy.0 = Debug|Any CPU
		{A8E26D71-5272-4BD3-8AE5-A950DDEE777B}.Debug|x86.ActiveCfg = Debug|Any CPU
		{A8E26D71-5272-4BD3-8AE5-A950DDEE777B}.Debug|x86.Build.0 = Debug|Any CPU
		{A8E26D71-5272-4BD3-8AE5-A950DDEE777B}.Debug|x86.Deploy.0 = Debug|Any CPU
		{A8E26D71-5272-4BD3-8AE5-A950DDEE777B}.Release|Any CPU.ActiveCfg = Release|Any CPU
		{A8E26D71-5272-4BD3-8AE5-A950DDEE777B}.Release|Any CPU.Build.0 = Release|Any CPU
		{A8E26D71-5272-4BD3-8AE5-A950DDEE777B}.Release|Any CPU.Deploy.0 = Release|Any CPU
		{A8E26D71-5272-4BD3-8AE5-A950DDEE777B}.Release|ARM.ActiveCfg = Release|Any CPU
		{A8E26D71-5272-4BD3-8AE5-A950DDEE777B}.Release|ARM.Build.0 = Release|Any CPU
		{A8E26D71-5272-4BD3-8AE5-A950DDEE777B}.Release|ARM.Deploy.0 = Release|Any CPU
		{A8E26D71-5272-4BD3-8AE5-A950DDEE777B}.Release|iPhone.ActiveCfg = Release|Any CPU
		{A8E26D71-5272-4BD3-8AE5-A950DDEE777B}.Release|iPhone.Build.0 = Release|Any CPU
		{A8E26D71-5272-4BD3-8AE5-A950DDEE777B}.Release|iPhone.Deploy.0 = Release|Any CPU
		{A8E26D71-5272-4BD3-8AE5-A950DDEE777B}.Release|iPhoneSimulator.ActiveCfg = Release|Any CPU
		{A8E26D71-5272-4BD3-8AE5-A950DDEE777B}.Release|iPhoneSimulator.Build.0 = Release|Any CPU
		{A8E26D71-5272-4BD3-8AE5-A950DDEE777B}.Release|iPhoneSimulator.Deploy.0 = Release|Any CPU
		{A8E26D71-5272-4BD3-8AE5-A950DDEE777B}.Release|x64.ActiveCfg = Release|Any CPU
		{A8E26D71-5272-4BD3-8AE5-A950DDEE777B}.Release|x64.Build.0 = Release|Any CPU
		{A8E26D71-5272-4BD3-8AE5-A950DDEE777B}.Release|x64.Deploy.0 = Release|Any CPU
		{A8E26D71-5272-4BD3-8AE5-A950DDEE777B}.Release|x86.ActiveCfg = Release|Any CPU
		{A8E26D71-5272-4BD3-8AE5-A950DDEE777B}.Release|x86.Build.0 = Release|Any CPU
		{A8E26D71-5272-4BD3-8AE5-A950DDEE777B}.Release|x86.Deploy.0 = Release|Any CPU
		
		{212CF633-40D4-4703-AE93-CDCD973C178E}.Debug|Any CPU.ActiveCfg = Debug|Any CPU
		{212CF633-40D4-4703-AE93-CDCD973C178E}.Debug|Any CPU.Build.0 = Debug|Any CPU
		{212CF633-40D4-4703-AE93-CDCD973C178E}.Debug|Any CPU.Deploy.0 = Debug|Any CPU
		{212CF633-40D4-4703-AE93-CDCD973C178E}.Debug|ARM.ActiveCfg = Debug|Any CPU
		{212CF633-40D4-4703-AE93-CDCD973C178E}.Debug|ARM.Build.0 = Debug|Any CPU
		{212CF633-40D4-4703-AE93-CDCD973C178E}.Debug|ARM.Deploy.0 = Debug|Any CPU
		{212CF633-40D4-4703-AE93-CDCD973C178E}.Debug|iPhone.ActiveCfg = Debug|Any CPU
		{212CF633-40D4-4703-AE93-CDCD973C178E}.Debug|iPhone.Build.0 = Debug|Any CPU
		{212CF633-40D4-4703-AE93-CDCD973C178E}.Debug|iPhone.Deploy.0 = Debug|Any CPU
		{212CF633-40D4-4703-AE93-CDCD973C178E}.Debug|iPhoneSimulator.ActiveCfg = Debug|Any CPU
		{212CF633-40D4-4703-AE93-CDCD973C178E}.Debug|iPhoneSimulator.Build.0 = Debug|Any CPU
		{212CF633-40D4-4703-AE93-CDCD973C178E}.Debug|iPhoneSimulator.Deploy.0 = Debug|Any CPU
		{212CF633-40D4-4703-AE93-CDCD973C178E}.Debug|x64.ActiveCfg = Debug|Any CPU
		{212CF633-40D4-4703-AE93-CDCD973C178E}.Debug|x64.Build.0 = Debug|Any CPU
		{212CF633-40D4-4703-AE93-CDCD973C178E}.Debug|x64.Deploy.0 = Debug|Any CPU
		{212CF633-40D4-4703-AE93-CDCD973C178E}.Debug|x86.ActiveCfg = Debug|Any CPU
		{212CF633-40D4-4703-AE93-CDCD973C178E}.Debug|x86.Build.0 = Debug|Any CPU
		{212CF633-40D4-4703-AE93-CDCD973C178E}.Debug|x86.Deploy.0 = Debug|Any CPU
		{212CF633-40D4-4703-AE93-CDCD973C178E}.Release|Any CPU.ActiveCfg = Release|Any CPU
		{212CF633-40D4-4703-AE93-CDCD973C178E}.Release|Any CPU.Build.0 = Release|Any CPU
		{212CF633-40D4-4703-AE93-CDCD973C178E}.Release|Any CPU.Deploy.0 = Release|Any CPU
		{212CF633-40D4-4703-AE93-CDCD973C178E}.Release|ARM.ActiveCfg = Release|Any CPU
		{212CF633-40D4-4703-AE93-CDCD973C178E}.Release|ARM.Build.0 = Release|Any CPU
		{212CF633-40D4-4703-AE93-CDCD973C178E}.Release|ARM.Deploy.0 = Release|Any CPU
		{212CF633-40D4-4703-AE93-CDCD973C178E}.Release|iPhone.ActiveCfg = Release|Any CPU
		{212CF633-40D4-4703-AE93-CDCD973C178E}.Release|iPhone.Build.0 = Release|Any CPU
		{212CF633-40D4-4703-AE93-CDCD973C178E}.Release|iPhone.Deploy.0 = Release|Any CPU
		{212CF633-40D4-4703-AE93-CDCD973C178E}.Release|iPhoneSimulator.ActiveCfg = Release|Any CPU
		{212CF633-40D4-4703-AE93-CDCD973C178E}.Release|iPhoneSimulator.Build.0 = Release|Any CPU
		{212CF633-40D4-4703-AE93-CDCD973C178E}.Release|iPhoneSimulator.Deploy.0 = Release|Any CPU
		{212CF633-40D4-4703-AE93-CDCD973C178E}.Release|x64.ActiveCfg = Release|Any CPU
		{212CF633-40D4-4703-AE93-CDCD973C178E}.Release|x64.Build.0 = Release|Any CPU
		{212CF633-40D4-4703-AE93-CDCD973C178E}.Release|x64.Deploy.0 = Release|Any CPU
		{212CF633-40D4-4703-AE93-CDCD973C178E}.Release|x86.ActiveCfg = Release|Any CPU
		{212CF633-40D4-4703-AE93-CDCD973C178E}.Release|x86.Build.0 = Release|Any CPU
		{212CF633-40D4-4703-AE93-CDCD973C178E}.Release|x86.Deploy.0 = Release|Any CPU
	EndGlobalSection
	GlobalSection(SolutionProperties) = preSolution
		HideSolutionNode = FALSE
	EndGlobalSection
	GlobalSection(ExtensibilityGlobals) = postSolution
		SolutionGuid = {2A4BF2FF-F5D9-4ED7-93ED-08C6FDE2A4B1}
	EndGlobalSection
EndGlobal
